
Microsoft Visual Studio Solution File, Format Version 12.00
# Visual Studio Version 17
VisualStudioVersion = 17.11.35005.142
MinimumVisualStudioVersion = 10.0.40219.1
Project("{9A19103F-16F7-4668-BE54-9A1E7A4F7556}") = "ApiWithAi", "ApiWithAi\ApiWithAi.csproj", "{DD060831-2419-4358-9D22-E1C10ADDD371}"
EndProject
Project("{FAE04EC0-301F-11D3-BF4B-00C04F79EFBC}") = "Rystem.OpenAi.Actors", "Rystem.OpenAi.Actors\Rystem.OpenAi.Actors.csproj", "{528E874E-FDB8-495F-974D-84E6CDEB1171}"
EndProject
Global
	GlobalSection(SolutionConfigurationPlatforms) = preSolution
		Debug|Any CPU = Debug|Any CPU
		Release|Any CPU = Release|Any CPU
	EndGlobalSection
	GlobalSection(ProjectConfigurationPlatforms) = postSolution
		{DD060831-2419-4358-9D22-E1C10ADDD371}.Debug|Any CPU.ActiveCfg = Debug|Any CPU
		{DD060831-2419-4358-9D22-E1C10ADDD371}.Debug|Any CPU.Build.0 = Debug|Any CPU
		{DD060831-2419-4358-9D22-E1C10ADDD371}.Release|Any CPU.ActiveCfg = Release|Any CPU
		{DD060831-2419-4358-9D22-E1C10ADDD371}.Release|Any CPU.Build.0 = Release|Any CPU
		{528E874E-FDB8-495F-974D-84E6CDEB1171}.Debug|Any CPU.ActiveCfg = Debug|Any CPU
		{528E874E-FDB8-495F-974D-84E6CDEB1171}.Debug|Any CPU.Build.0 = Debug|Any CPU
		{528E874E-FDB8-495F-974D-84E6CDEB1171}.Release|Any CPU.ActiveCfg = Release|Any CPU
		{528E874E-FDB8-495F-974D-84E6CDEB1171}.Release|Any CPU.Build.0 = Release|Any CPU
	EndGlobalSection
	GlobalSection(SolutionProperties) = preSolution
		HideSolutionNode = FALSE
	EndGlobalSection
	GlobalSection(ExtensibilityGlobals) = postSolution
		SolutionGuid = {75B08D1F-F79F-4A9E-A62F-2AAFB8BD8ACC}
	EndGlobalSection
EndGlobal
